
Microsoft Visual Studio Solution File, Format Version 12.00
# Visual Studio Version 16
VisualStudioVersion = 16.0.30128.74
MinimumVisualStudioVersion = 10.0.40219.1
Project("{9A19103F-16F7-4668-BE54-9A1E7A4F7556}") = "Payment.Gateway", "src\Payment Gateway\Payment.Gateway.csproj", "{25812B49-CF58-4DE9-ABC1-C4C8D8C8CF55}"
EndProject
Project("{9A19103F-16F7-4668-BE54-9A1E7A4F7556}") = "Payment.Gateway.Tests", "test\Payment.Gateway.Tests\Payment.Gateway.Tests.csproj", "{880E0641-5D17-43B9-B90B-FCE7334E1CBA}"
EndProject
Project("{9A19103F-16F7-4668-BE54-9A1E7A4F7556}") = "Payment.Gateway.Data", "src\Payment.Gateway.Data\Payment.Gateway.Data.csproj", "{4A067650-811B-4A30-AAD4-E08113112930}"
EndProject
Project("{9A19103F-16F7-4668-BE54-9A1E7A4F7556}") = "Payment.Gateway.MockBank", "src\Payment.Gateway.MockBank\Payment.Gateway.MockBank.csproj", "{0CD62444-F607-48ED-B266-38B335E15463}"
EndProject
Project("{9A19103F-16F7-4668-BE54-9A1E7A4F7556}") = "Payment.Gateway.Application", "src\Payment.Gateway.Application\Payment.Gateway.Application.csproj", "{CCDC4B34-EB49-4535-AD01-2866C088E826}"
EndProject
Project("{9A19103F-16F7-4668-BE54-9A1E7A4F7556}") = "Payment.Gateway.IntegrationTests", "test\Payment.Gateway.IntegrationTests\Payment.Gateway.IntegrationTests.csproj", "{064B316B-5136-4210-85C7-0650C654F5C8}"
EndProject
Project("{2150E333-8FDC-42A3-9474-1A3956D46DE8}") = "src", "src", "{29FF266B-AE68-438D-948B-71E6BD464371}"
EndProject
Project("{2150E333-8FDC-42A3-9474-1A3956D46DE8}") = "test", "test", "{7C81CB78-964A-45AB-988A-9B646C81D070}"
EndProject
Project("{E53339B2-1760-4266-BCC7-CA923CBCF16C}") = "docker-compose", "docker-compose.dcproj", "{029582A1-EA23-412C-9D35-8ED472378AEE}"
EndProject
Project("{2150E333-8FDC-42A3-9474-1A3956D46DE8}") = "docs", "docs", "{9A65722A-C07C-49EB-802A-AC71DDC7DDED}"
	ProjectSection(SolutionItems) = preProject
		..\..\PaymentGateway_collection.postman_collection.json = ..\..\PaymentGateway_collection.postman_collection.json
		README.md = README.md
	EndProjectSection
EndProject
Global
	GlobalSection(SolutionConfigurationPlatforms) = preSolution
		Debug|Any CPU = Debug|Any CPU
		Release|Any CPU = Release|Any CPU
	EndGlobalSection
	GlobalSection(ProjectConfigurationPlatforms) = postSolution
		{25812B49-CF58-4DE9-ABC1-C4C8D8C8CF55}.Debug|Any CPU.ActiveCfg = Debug|Any CPU
		{25812B49-CF58-4DE9-ABC1-C4C8D8C8CF55}.Debug|Any CPU.Build.0 = Debug|Any CPU
		{25812B49-CF58-4DE9-ABC1-C4C8D8C8CF55}.Release|Any CPU.ActiveCfg = Release|Any CPU
		{25812B49-CF58-4DE9-ABC1-C4C8D8C8CF55}.Release|Any CPU.Build.0 = Release|Any CPU
		{880E0641-5D17-43B9-B90B-FCE7334E1CBA}.Debug|Any CPU.ActiveCfg = Debug|Any CPU
		{880E0641-5D17-43B9-B90B-FCE7334E1CBA}.Debug|Any CPU.Build.0 = Debug|Any CPU
		{880E0641-5D17-43B9-B90B-FCE7334E1CBA}.Release|Any CPU.ActiveCfg = Release|Any CPU
		{880E0641-5D17-43B9-B90B-FCE7334E1CBA}.Release|Any CPU.Build.0 = Release|Any CPU
		{4A067650-811B-4A30-AAD4-E08113112930}.Debug|Any CPU.ActiveCfg = Debug|Any CPU
		{4A067650-811B-4A30-AAD4-E08113112930}.Debug|Any CPU.Build.0 = Debug|Any CPU
		{4A067650-811B-4A30-AAD4-E08113112930}.Release|Any CPU.ActiveCfg = Release|Any CPU
		{4A067650-811B-4A30-AAD4-E08113112930}.Release|Any CPU.Build.0 = Release|Any CPU
		{0CD62444-F607-48ED-B266-38B335E15463}.Debug|Any CPU.ActiveCfg = Debug|Any CPU
		{0CD62444-F607-48ED-B266-38B335E15463}.Debug|Any CPU.Build.0 = Debug|Any CPU
		{0CD62444-F607-48ED-B266-38B335E15463}.Release|Any CPU.ActiveCfg = Release|Any CPU
		{0CD62444-F607-48ED-B266-38B335E15463}.Release|Any CPU.Build.0 = Release|Any CPU
		{CCDC4B34-EB49-4535-AD01-2866C088E826}.Debug|Any CPU.ActiveCfg = Debug|Any CPU
		{CCDC4B34-EB49-4535-AD01-2866C088E826}.Debug|Any CPU.Build.0 = Debug|Any CPU
		{CCDC4B34-EB49-4535-AD01-2866C088E826}.Release|Any CPU.ActiveCfg = Release|Any CPU
		{CCDC4B34-EB49-4535-AD01-2866C088E826}.Release|Any CPU.Build.0 = Release|Any CPU
		{064B316B-5136-4210-85C7-0650C654F5C8}.Debug|Any CPU.ActiveCfg = Debug|Any CPU
		{064B316B-5136-4210-85C7-0650C654F5C8}.Debug|Any CPU.Build.0 = Debug|Any CPU
		{064B316B-5136-4210-85C7-0650C654F5C8}.Release|Any CPU.ActiveCfg = Release|Any CPU
		{064B316B-5136-4210-85C7-0650C654F5C8}.Release|Any CPU.Build.0 = Release|Any CPU
		{029582A1-EA23-412C-9D35-8ED472378AEE}.Debug|Any CPU.ActiveCfg = Debug|Any CPU
		{029582A1-EA23-412C-9D35-8ED472378AEE}.Debug|Any CPU.Build.0 = Debug|Any CPU
		{029582A1-EA23-412C-9D35-8ED472378AEE}.Release|Any CPU.ActiveCfg = Release|Any CPU
		{029582A1-EA23-412C-9D35-8ED472378AEE}.Release|Any CPU.Build.0 = Release|Any CPU
	EndGlobalSection
	GlobalSection(SolutionProperties) = preSolution
		HideSolutionNode = FALSE
	EndGlobalSection
	GlobalSection(NestedProjects) = preSolution
		{25812B49-CF58-4DE9-ABC1-C4C8D8C8CF55} = {29FF266B-AE68-438D-948B-71E6BD464371}
		{880E0641-5D17-43B9-B90B-FCE7334E1CBA} = {7C81CB78-964A-45AB-988A-9B646C81D070}
		{4A067650-811B-4A30-AAD4-E08113112930} = {29FF266B-AE68-438D-948B-71E6BD464371}
		{0CD62444-F607-48ED-B266-38B335E15463} = {29FF266B-AE68-438D-948B-71E6BD464371}
		{CCDC4B34-EB49-4535-AD01-2866C088E826} = {29FF266B-AE68-438D-948B-71E6BD464371}
		{064B316B-5136-4210-85C7-0650C654F5C8} = {7C81CB78-964A-45AB-988A-9B646C81D070}
	EndGlobalSection
	GlobalSection(ExtensibilityGlobals) = postSolution
		SolutionGuid = {E6461C64-A033-464A-8DC2-D8892F5652CF}
	EndGlobalSection
EndGlobal
