
Microsoft Visual Studio Solution File, Format Version 12.00
# Visual Studio Version 16
VisualStudioVersion = 16.0.30128.74
MinimumVisualStudioVersion = 10.0.40219.1
Project("{9A19103F-16F7-4668-BE54-9A1E7A4F7556}") = "Payment Gateway", "src\Payment Gateway\Payment Gateway.csproj", "{25812B49-CF58-4DE9-ABC1-C4C8D8C8CF55}"
EndProject
Project("{9A19103F-16F7-4668-BE54-9A1E7A4F7556}") = "Payment.Gateway.Tests", "test\Payment.Gateway.Tests\Payment.Gateway.Tests.csproj", "{880E0641-5D17-43B9-B90B-FCE7334E1CBA}"
EndProject
Project("{9A19103F-16F7-4668-BE54-9A1E7A4F7556}") = "Payment.Gateway.Data", "src\Payment.Gateway.Data\Payment.Gateway.Data.csproj", "{4A067650-811B-4A30-AAD4-E08113112930}"
EndProject
Project("{9A19103F-16F7-4668-BE54-9A1E7A4F7556}") = "Payment.Gateway.MockBank", "src\Payment.Gateway.MockBank\Payment.Gateway.MockBank.csproj", "{0CD62444-F607-48ED-B266-38B335E15463}"
EndProject
Project("{FAE04EC0-301F-11D3-BF4B-00C04F79EFBC}") = "Payment.Gateway.Application", "src\Payment.Gateway.Application\Payment.Gateway.Application.csproj", "{CCDC4B34-EB49-4535-AD01-2866C088E826}"
EndProject
Global
	GlobalSection(SolutionConfigurationPlatforms) = preSolution
		Debug|Any CPU = Debug|Any CPU
		Release|Any CPU = Release|Any CPU
	EndGlobalSection
	GlobalSection(ProjectConfigurationPlatforms) = postSolution
		{25812B49-CF58-4DE9-ABC1-C4C8D8C8CF55}.Debug|Any CPU.ActiveCfg = Debug|Any CPU
		{25812B49-CF58-4DE9-ABC1-C4C8D8C8CF55}.Debug|Any CPU.Build.0 = Debug|Any CPU
		{25812B49-CF58-4DE9-ABC1-C4C8D8C8CF55}.Release|Any CPU.ActiveCfg = Release|Any CPU
		{25812B49-CF58-4DE9-ABC1-C4C8D8C8CF55}.Release|Any CPU.Build.0 = Release|Any CPU
		{880E0641-5D17-43B9-B90B-FCE7334E1CBA}.Debug|Any CPU.ActiveCfg = Debug|Any CPU
		{880E0641-5D17-43B9-B90B-FCE7334E1CBA}.Debug|Any CPU.Build.0 = Debug|Any CPU
		{880E0641-5D17-43B9-B90B-FCE7334E1CBA}.Release|Any CPU.ActiveCfg = Release|Any CPU
		{880E0641-5D17-43B9-B90B-FCE7334E1CBA}.Release|Any CPU.Build.0 = Release|Any CPU
		{4A067650-811B-4A30-AAD4-E08113112930}.Debug|Any CPU.ActiveCfg = Debug|Any CPU
		{4A067650-811B-4A30-AAD4-E08113112930}.Debug|Any CPU.Build.0 = Debug|Any CPU
		{4A067650-811B-4A30-AAD4-E08113112930}.Release|Any CPU.ActiveCfg = Release|Any CPU
		{4A067650-811B-4A30-AAD4-E08113112930}.Release|Any CPU.Build.0 = Release|Any CPU
		{0CD62444-F607-48ED-B266-38B335E15463}.Debug|Any CPU.ActiveCfg = Debug|Any CPU
		{0CD62444-F607-48ED-B266-38B335E15463}.Debug|Any CPU.Build.0 = Debug|Any CPU
		{0CD62444-F607-48ED-B266-38B335E15463}.Release|Any CPU.ActiveCfg = Release|Any CPU
		{0CD62444-F607-48ED-B266-38B335E15463}.Release|Any CPU.Build.0 = Release|Any CPU
		{CCDC4B34-EB49-4535-AD01-2866C088E826}.Debug|Any CPU.ActiveCfg = Debug|Any CPU
		{CCDC4B34-EB49-4535-AD01-2866C088E826}.Debug|Any CPU.Build.0 = Debug|Any CPU
		{CCDC4B34-EB49-4535-AD01-2866C088E826}.Release|Any CPU.ActiveCfg = Release|Any CPU
		{CCDC4B34-EB49-4535-AD01-2866C088E826}.Release|Any CPU.Build.0 = Release|Any CPU
	EndGlobalSection
	GlobalSection(SolutionProperties) = preSolution
		HideSolutionNode = FALSE
	EndGlobalSection
	GlobalSection(ExtensibilityGlobals) = postSolution
		SolutionGuid = {E6461C64-A033-464A-8DC2-D8892F5652CF}
	EndGlobalSection
EndGlobal
